{
  "pins" : [
    {
      "identity" : "cwlcatchexception",
      "kind" : "remoteSourceControl",
      "location" : "https://github.com/mattgallagher/CwlCatchException.git",
      "state" : {
        "revision" : "3ef6999c73b6938cc0da422f2c912d0158abb0a0",
        "version" : "2.2.0"
      }
    },
    {
      "identity" : "cwlpreconditiontesting",
      "kind" : "remoteSourceControl",
      "location" : "https://github.com/mattgallagher/CwlPreconditionTesting.git",
      "state" : {
        "revision" : "2ef56b2caf25f55fa7eef8784c30d5a767550f54",
        "version" : "2.2.1"
      }
    },
    {
      "identity" : "sprykit",
      "kind" : "remoteSourceControl",
      "location" : "https://github.com/NikSativa/SpryKit.git",
      "state" : {
        "revision" : "f14ae68bccd324f20cd74d65413cb9c93a5ba4dd",
        "version" : "2.2.3"
      }
    },
    {
      "identity" : "Threading",
      "kind" : "remoteSourceControl",
      "location" : "https://github.com/NikSativa/Threading.git",
      "state" : {
        "revision" : "13eb2e16067dd685a92436f9dbe2f322c88f8c24",
        "version" : "1.3.5"
      }
    }
  ],
  "version" : 2
}
