{
  "pins" : [
    {
      "identity" : "cwlcatchexception",
      "kind" : "remoteSourceControl",
      "location" : "https://github.com/mattgallagher/CwlCatchException.git",
      "state" : {
        "revision" : "3ef6999c73b6938cc0da422f2c912d0158abb0a0",
        "version" : "2.2.0"
      }
    },
    {
      "identity" : "cwlpreconditiontesting",
      "kind" : "remoteSourceControl",
      "location" : "https://github.com/mattgallagher/CwlPreconditionTesting.git",
      "state" : {
        "revision" : "2ef56b2caf25f55fa7eef8784c30d5a767550f54",
        "version" : "2.2.1"
      }
    },
    {
      "identity" : "nqueue",
      "kind" : "remoteSourceControl",
      "location" : "https://github.com/NikSativa/NQueue.git",
      "state" : {
        "revision" : "cd4fd815cd821d00e5ecc98fd7afa69df2ab1358",
        "version" : "1.2.4"
      }
    },
    {
      "identity" : "nspry",
      "kind" : "remoteSourceControl",
      "location" : "https://github.com/NikSativa/NSpry.git",
      "state" : {
        "revision" : "12bf660d7fa0a9081bb8e14136e714a768dad314",
        "version" : "2.1.4"
      }
    }
  ],
  "version" : 2
}
